
Microsoft Visual Studio Solution File, Format Version 12.00
# Visual Studio Version 16
VisualStudioVersion = 16.0.29521.150
MinimumVisualStudioVersion = 10.0.40219.1
Project("{9A19103F-16F7-4668-BE54-9A1E7A4F7556}") = "Server.Api", "Server.Api\Server.Api.csproj", "{B55FAC4E-2128-4FE9-9224-29EAF01FD8D4}"
EndProject
Project("{9A19103F-16F7-4668-BE54-9A1E7A4F7556}") = "SeventhServices.Resource.Asset.SqlLoader", "SeventhServices.Resource.Asset.SqlLoader\SeventhServices.Resource.Asset.SqlLoader.csproj", "{DCE2EE91-FFC7-40A8-82AC-FE53D926A450}"
EndProject
Global
	GlobalSection(SolutionConfigurationPlatforms) = preSolution
		Debug|Any CPU = Debug|Any CPU
		Release|Any CPU = Release|Any CPU
	EndGlobalSection
	GlobalSection(ProjectConfigurationPlatforms) = postSolution
		{B55FAC4E-2128-4FE9-9224-29EAF01FD8D4}.Debug|Any CPU.ActiveCfg = Debug|Any CPU
		{B55FAC4E-2128-4FE9-9224-29EAF01FD8D4}.Debug|Any CPU.Build.0 = Debug|Any CPU
		{B55FAC4E-2128-4FE9-9224-29EAF01FD8D4}.Release|Any CPU.ActiveCfg = Release|Any CPU
		{B55FAC4E-2128-4FE9-9224-29EAF01FD8D4}.Release|Any CPU.Build.0 = Release|Any CPU
		{DCE2EE91-FFC7-40A8-82AC-FE53D926A450}.Debug|Any CPU.ActiveCfg = Debug|Any CPU
		{DCE2EE91-FFC7-40A8-82AC-FE53D926A450}.Debug|Any CPU.Build.0 = Debug|Any CPU
		{DCE2EE91-FFC7-40A8-82AC-FE53D926A450}.Release|Any CPU.ActiveCfg = Release|Any CPU
		{DCE2EE91-FFC7-40A8-82AC-FE53D926A450}.Release|Any CPU.Build.0 = Release|Any CPU
	EndGlobalSection
	GlobalSection(SolutionProperties) = preSolution
		HideSolutionNode = FALSE
	EndGlobalSection
	GlobalSection(ExtensibilityGlobals) = postSolution
		SolutionGuid = {3E120A52-B86B-4D27-84AA-C589C2513E0E}
	EndGlobalSection
EndGlobal
